Microsoft Visual Studio Solution File, Format Version 12.00
# Visual Studio Version 17
VisualStudioVersion = 17.5.2.0
MinimumVisualStudioVersion = 10.0.40219.1
Project("{2150E333-8FDC-42A3-9474-1A3956D46DE8}") = "restim-maui", "restim-maui", "{D443B8C3-D981-939D-E462-1510587A017B}"
EndProject
Project("{FAE04EC0-301F-11D3-BF4B-00C04F79EFBC}") = "RestimMaui", "restim-maui\RestimMaui.csproj", "{F6BE7223-94A3-62CC-572E-E2CEC5161979}"
EndProject
Global
	GlobalSection(SolutionConfigurationPlatforms) = preSolution
		Debug|Any CPU = Debug|Any CPU
		Release|Any CPU = Release|Any CPU
	EndGlobalSection
	GlobalSection(ProjectConfigurationPlatforms) = postSolution
		{F6BE7223-94A3-62CC-572E-E2CEC5161979}.Debug|Any CPU.ActiveCfg = Debug|Any CPU
		{F6BE7223-94A3-62CC-572E-E2CEC5161979}.Debug|Any CPU.Build.0 = Debug|Any CPU
		{F6BE7223-94A3-62CC-572E-E2CEC5161979}.Debug|Any CPU.Deploy.0 = Debug|Any CPU
		{F6BE7223-94A3-62CC-572E-E2CEC5161979}.Release|Any CPU.ActiveCfg = Release|Any CPU
		{F6BE7223-94A3-62CC-572E-E2CEC5161979}.Release|Any CPU.Build.0 = Release|Any CPU
	EndGlobalSection
	GlobalSection(SolutionProperties) = preSolution
		HideSolutionNode = FALSE
	EndGlobalSection
	GlobalSection(NestedProjects) = preSolution
		{F6BE7223-94A3-62CC-572E-E2CEC5161979} = {D443B8C3-D981-939D-E462-1510587A017B}
	EndGlobalSection
	GlobalSection(ExtensibilityGlobals) = postSolution
		SolutionGuid = {08AF32B4-BC37-4C8D-98A9-AA63F3714D33}
	EndGlobalSection
EndGlobal
